
Microsoft Visual Studio Solution File, Format Version 12.00
# Visual Studio Version 17
VisualStudioVersion = 17.0.31903.59
MinimumVisualStudioVersion = 10.0.40219.1
Project("{2150E333-8FDC-42A3-9474-1A3956D46DE8}") = "tests", "tests", "{F273285B-8411-4E61-BDD1-2D308749E921}"
EndProject
Project("{FAE04EC0-301F-11D3-BF4B-00C04F79EFBC}") = "FileDiff.UnitTests", "tests\FileDiff.UnitTests\FileDiff.UnitTests.csproj", "{B517AEC9-28AF-437C-9EDF-8A4A6DDE27C1}"
EndProject
Project("{FAE04EC0-301F-11D3-BF4B-00C04F79EFBC}") = "FileDiff.IntegrationTests", "tests\FileDiff.IntegrationTests\FileDiff.IntegrationTests.csproj", "{DBA719A9-506A-4E8A-977C-0BE81A869178}"
EndProject
Project("{2150E333-8FDC-42A3-9474-1A3956D46DE8}") = "src", "src", "{3C9CD122-51C4-4847-887E-64A179505EB0}"
EndProject
Project("{FAE04EC0-301F-11D3-BF4B-00C04F79EFBC}") = "FileDiff.Cli", "src\FileDiff.Cli\FileDiff.Cli.csproj", "{E964BE58-38FD-4FDC-BAC8-FF0546B9CF70}"
EndProject
Global
	GlobalSection(SolutionConfigurationPlatforms) = preSolution
		Debug|Any CPU = Debug|Any CPU
		Release|Any CPU = Release|Any CPU
	EndGlobalSection
	GlobalSection(SolutionProperties) = preSolution
		HideSolutionNode = FALSE
	EndGlobalSection
	GlobalSection(ProjectConfigurationPlatforms) = postSolution
		{C94244D1-8E8E-42F8-B8E7-F0CCB7CF4853}.Debug|Any CPU.ActiveCfg = Debug|Any CPU
		{C94244D1-8E8E-42F8-B8E7-F0CCB7CF4853}.Debug|Any CPU.Build.0 = Debug|Any CPU
		{C94244D1-8E8E-42F8-B8E7-F0CCB7CF4853}.Release|Any CPU.ActiveCfg = Release|Any CPU
		{C94244D1-8E8E-42F8-B8E7-F0CCB7CF4853}.Release|Any CPU.Build.0 = Release|Any CPU
		{B517AEC9-28AF-437C-9EDF-8A4A6DDE27C1}.Debug|Any CPU.ActiveCfg = Debug|Any CPU
		{B517AEC9-28AF-437C-9EDF-8A4A6DDE27C1}.Debug|Any CPU.Build.0 = Debug|Any CPU
		{B517AEC9-28AF-437C-9EDF-8A4A6DDE27C1}.Release|Any CPU.ActiveCfg = Release|Any CPU
		{B517AEC9-28AF-437C-9EDF-8A4A6DDE27C1}.Release|Any CPU.Build.0 = Release|Any CPU
		{DBA719A9-506A-4E8A-977C-0BE81A869178}.Debug|Any CPU.ActiveCfg = Debug|Any CPU
		{DBA719A9-506A-4E8A-977C-0BE81A869178}.Debug|Any CPU.Build.0 = Debug|Any CPU
		{DBA719A9-506A-4E8A-977C-0BE81A869178}.Release|Any CPU.ActiveCfg = Release|Any CPU
		{DBA719A9-506A-4E8A-977C-0BE81A869178}.Release|Any CPU.Build.0 = Release|Any CPU
		{7014B624-7839-4277-87F0-A76AA03185EA}.Debug|Any CPU.ActiveCfg = Debug|Any CPU
		{7014B624-7839-4277-87F0-A76AA03185EA}.Debug|Any CPU.Build.0 = Debug|Any CPU
		{7014B624-7839-4277-87F0-A76AA03185EA}.Release|Any CPU.ActiveCfg = Release|Any CPU
		{7014B624-7839-4277-87F0-A76AA03185EA}.Release|Any CPU.Build.0 = Release|Any CPU
		{E964BE58-38FD-4FDC-BAC8-FF0546B9CF70}.Debug|Any CPU.ActiveCfg = Debug|Any CPU
		{E964BE58-38FD-4FDC-BAC8-FF0546B9CF70}.Debug|Any CPU.Build.0 = Debug|Any CPU
		{E964BE58-38FD-4FDC-BAC8-FF0546B9CF70}.Release|Any CPU.ActiveCfg = Release|Any CPU
		{E964BE58-38FD-4FDC-BAC8-FF0546B9CF70}.Release|Any CPU.Build.0 = Release|Any CPU
	EndGlobalSection
	GlobalSection(NestedProjects) = preSolution
		{B517AEC9-28AF-437C-9EDF-8A4A6DDE27C1} = {F273285B-8411-4E61-BDD1-2D308749E921}
		{DBA719A9-506A-4E8A-977C-0BE81A869178} = {F273285B-8411-4E61-BDD1-2D308749E921}
		{E964BE58-38FD-4FDC-BAC8-FF0546B9CF70} = {3C9CD122-51C4-4847-887E-64A179505EB0}
	EndGlobalSection
EndGlobal
